// !$*UTF8*$!
{
	archiveVersion = 1;
	classes = {
	};
	objectVersion = 46;
	objects = {

/* Begin PBXBuildFile section */
		848066441B71531E002D0C4D /* Foundation.framework in Frameworks */ = {isa = PBXBuildFile; fileRef = 848066431B71531E002D0C4D /* Foundation.framework */; };
		848066461B71531E002D0C4D /* CoreGraphics.framework in Frameworks */ = {isa = PBXBuildFile; fileRef = 848066451B71531E002D0C4D /* CoreGraphics.framework */; };
		848066481B71531E002D0C4D /* UIKit.framework in Frameworks */ = {isa = PBXBuildFile; fileRef = 848066471B71531E002D0C4D /* UIKit.framework */; };
		8480664E1B71531E002D0C4D /* InfoPlist.strings in Resources */ = {isa = PBXBuildFile; fileRef = 8480664C1B71531E002D0C4D /* InfoPlist.strings */; };
		848066501B71531E002D0C4D /* main.m in Sources */ = {isa = PBXBuildFile; fileRef = 8480664F1B71531E002D0C4D /* main.m */; };
		848066631B71531E002D0C4D /* XCTest.framework in Frameworks */ = {isa = PBXBuildFile; fileRef = 848066621B71531E002D0C4D /* XCTest.framework */; };
		848066641B71531F002D0C4D /* Foundation.framework in Frameworks */ = {isa = PBXBuildFile; fileRef = 848066431B71531E002D0C4D /* Foundation.framework */; };
		848066651B71531F002D0C4D /* UIKit.framework in Frameworks */ = {isa = PBXBuildFile; fileRef = 848066471B71531E002D0C4D /* UIKit.framework */; };
		8480666D1B71531F002D0C4D /* InfoPlist.strings in Resources */ = {isa = PBXBuildFile; fileRef = 8480666B1B71531F002D0C4D /* InfoPlist.strings */; };
		8480666F1B71531F002D0C4D /* FirstTaskYalTests.m in Sources */ = {isa = PBXBuildFile; fileRef = 8480666E1B71531F002D0C4D /* FirstTaskYalTests.m */; };
		84F23B291B83692C0064EFFC /* Main.storyboard in Resources */ = {isa = PBXBuildFile; fileRef = 84F23B181B83692C0064EFFC /* Main.storyboard */; };
		84F23B2A1B83692C0064EFFC /* Images.xcassets in Resources */ = {isa = PBXBuildFile; fileRef = 84F23B1A1B83692C0064EFFC /* Images.xcassets */; };
		84F23B2B1B83692C0064EFFC /* AVAppDelegate.m in Sources */ = {isa = PBXBuildFile; fileRef = 84F23B1D1B83692C0064EFFC /* AVAppDelegate.m */; };
		84F23B2C1B83692C0064EFFC /* AVTableViewController.m in Sources */ = {isa = PBXBuildFile; fileRef = 84F23B221B83692C0064EFFC /* AVTableViewController.m */; };
		84F23B2D1B83692C0064EFFC /* AVTableViewCell.m in Sources */ = {isa = PBXBuildFile; fileRef = 84F23B251B83692C0064EFFC /* AVTableViewCell.m */; };
		84F23B321B836B5F0064EFFC /* 1.jpg in Resources */ = {isa = PBXBuildFile; fileRef = 84F23B2F1B836B5F0064EFFC /* 1.jpg */; };
		84F23B331B836B5F0064EFFC /* 2.jpg in Resources */ = {isa = PBXBuildFile; fileRef = 84F23B301B836B5F0064EFFC /* 2.jpg */; };
		84F23B341B836B5F0064EFFC /* 3.jpg in Resources */ = {isa = PBXBuildFile; fileRef = 84F23B311B836B5F0064EFFC /* 3.jpg */; };
		84F23B371B83705A0064EFFC /* AVBookModel.m in Sources */ = {isa = PBXBuildFile; fileRef = 84F23B361B83705A0064EFFC /* AVBookModel.m */; };
		84F23B3A1B8370910064EFFC /* AVCellDataSource.m in Sources */ = {isa = PBXBuildFile; fileRef = 84F23B391B8370910064EFFC /* AVCellDataSource.m */; };
/* End PBXBuildFile section */

/* Begin PBXContainerItemProxy section */
		848066661B71531F002D0C4D /* PBXContainerItemProxy */ = {
			isa = PBXContainerItemProxy;
			containerPortal = 848066381B71531E002D0C4D /* Project object */;
			proxyType = 1;
			remoteGlobalIDString = 8480663F1B71531E002D0C4D;
			remoteInfo = FirstTaskYal;
		};
/* End PBXContainerItemProxy section */

/* Begin PBXFileReference section */
		848066401B71531E002D0C4D /* FirstTaskYal.app */ = {isa = PBXFileReference; explicitFileType = wrapper.application; includeInIndex = 0; path = FirstTaskYal.app; sourceTree = BUILT_PRODUCTS_DIR; };
		848066431B71531E002D0C4D /* Foundation.framework */ = {isa = PBXFileReference; lastKnownFileType = wrapper.framework; name = Foundation.framework; path = System/Library/Frameworks/Foundation.framework; sourceTree = SDKROOT; };
		848066451B71531E002D0C4D /* CoreGraphics.framework */ = {isa = PBXFileReference; lastKnownFileType = wrapper.framework; name = CoreGraphics.framework; path = System/Library/Frameworks/CoreGraphics.framework; sourceTree = SDKROOT; };
		848066471B71531E002D0C4D /* UIKit.framework */ = {isa = PBXFileReference; lastKnownFileType = wrapper.framework; name = UIKit.framework; path = System/Library/Frameworks/UIKit.framework; sourceTree = SDKROOT; };
		8480664B1B71531E002D0C4D /* FirstTaskYal-Info.plist */ = {isa = PBXFileReference; lastKnownFileType = text.plist.xml; path = "FirstTaskYal-Info.plist"; sourceTree = "<group>"; };
		8480664D1B71531E002D0C4D /* en */ = {isa = PBXFileReference; lastKnownFileType = text.plist.strings; name = en; path = en.lproj/InfoPlist.strings; sourceTree = "<group>"; };
		8480664F1B71531E002D0C4D /* main.m */ = {isa = PBXFileReference; lastKnownFileType = sourcecode.c.objc; path = main.m; sourceTree = "<group>"; };
		848066511B71531E002D0C4D /* FirstTaskYal-Prefix.pch */ = {isa = PBXFileReference; lastKnownFileType = sourcecode.c.h; path = "FirstTaskYal-Prefix.pch"; sourceTree = "<group>"; };
		848066611B71531E002D0C4D /* FirstTaskYalTests.xctest */ = {isa = PBXFileReference; explicitFileType = wrapper.cfbundle; includeInIndex = 0; path = FirstTaskYalTests.xctest; sourceTree = BUILT_PRODUCTS_DIR; };
		848066621B71531E002D0C4D /* XCTest.framework */ = {isa = PBXFileReference; lastKnownFileType = wrapper.framework; name = XCTest.framework; path = Library/Frameworks/XCTest.framework; sourceTree = DEVELOPER_DIR; };
		8480666A1B71531F002D0C4D /* FirstTaskYalTests-Info.plist */ = {isa = PBXFileReference; lastKnownFileType = text.plist.xml; path = "FirstTaskYalTests-Info.plist"; sourceTree = "<group>"; };
		8480666C1B71531F002D0C4D /* en */ = {isa = PBXFileReference; lastKnownFileType = text.plist.strings; name = en; path = en.lproj/InfoPlist.strings; sourceTree = "<group>"; };
		8480666E1B71531F002D0C4D /* FirstTaskYalTests.m */ = {isa = PBXFileReference; lastKnownFileType = sourcecode.c.objc; path = FirstTaskYalTests.m; sourceTree = "<group>"; };
		84F23B191B83692C0064EFFC /* Base */ = {isa = PBXFileReference; lastKnownFileType = file.storyboard; name = Base; path = Base.lproj/Main.storyboard; sourceTree = "<group>"; };
		84F23B1A1B83692C0064EFFC /* Images.xcassets */ = {isa = PBXFileReference; lastKnownFileType = folder.assetcatalog; path = Images.xcassets; sourceTree = "<group>"; };
		84F23B1C1B83692C0064EFFC /* AVAppDelegate.h */ = {isa = PBXFileReference; fileEncoding = 4; lastKnownFileType = sourcecode.c.h; path = AVAppDelegate.h; sourceTree = "<group>"; };
		84F23B1D1B83692C0064EFFC /* AVAppDelegate.m */ = {isa = PBXFileReference; fileEncoding = 4; lastKnownFileType = sourcecode.c.objc; path = AVAppDelegate.m; sourceTree = "<group>"; };
		84F23B211B83692C0064EFFC /* AVTableViewController.h */ = {isa = PBXFileReference; fileEncoding = 4; lastKnownFileType = sourcecode.c.h; path = AVTableViewController.h; sourceTree = "<group>"; };
		84F23B221B83692C0064EFFC /* AVTableViewController.m */ = {isa = PBXFileReference; fileEncoding = 4; lastKnownFileType = sourcecode.c.objc; path = AVTableViewController.m; sourceTree = "<group>"; };
		84F23B241B83692C0064EFFC /* AVTableViewCell.h */ = {isa = PBXFileReference; fileEncoding = 4; lastKnownFileType = sourcecode.c.h; path = AVTableViewCell.h; sourceTree = "<group>"; };
		84F23B251B83692C0064EFFC /* AVTableViewCell.m */ = {isa = PBXFileReference; fileEncoding = 4; lastKnownFileType = sourcecode.c.objc; path = AVTableViewCell.m; sourceTree = "<group>"; };
		84F23B2F1B836B5F0064EFFC /* 1.jpg */ = {isa = PBXFileReference; lastKnownFileType = image.jpeg; path = 1.jpg; sourceTree = "<group>"; };
		84F23B301B836B5F0064EFFC /* 2.jpg */ = {isa = PBXFileReference; lastKnownFileType = image.jpeg; path = 2.jpg; sourceTree = "<group>"; };
		84F23B311B836B5F0064EFFC /* 3.jpg */ = {isa = PBXFileReference; lastKnownFileType = image.jpeg; path = 3.jpg; sourceTree = "<group>"; };
		84F23B351B83705A0064EFFC /* AVBookModel.h */ = {isa = PBXFileReference; fileEncoding = 4; lastKnownFileType = sourcecode.c.h; path = AVBookModel.h; sourceTree = SOURCE_ROOT; };
		84F23B361B83705A0064EFFC /* AVBookModel.m */ = {isa = PBXFileReference; fileEncoding = 4; lastKnownFileType = sourcecode.c.objc; path = AVBookModel.m; sourceTree = SOURCE_ROOT; };
		84F23B381B8370910064EFFC /* AVCellDataSource.h */ = {isa = PBXFileReference; fileEncoding = 4; lastKnownFileType = sourcecode.c.h; path = AVCellDataSource.h; sourceTree = SOURCE_ROOT; };
		84F23B391B8370910064EFFC /* AVCellDataSource.m */ = {isa = PBXFileReference; fileEncoding = 4; lastKnownFileType = sourcecode.c.objc; path = AVCellDataSource.m; sourceTree = SOURCE_ROOT; };
/* End PBXFileReference section */

/* Begin PBXFrameworksBuildPhase section */
		8480663D1B71531E002D0C4D /* Frameworks */ = {
			isa = PBXFrameworksBuildPhase;
			buildActionMask = 2147483647;
			files = (
				848066461B71531E002D0C4D /* CoreGraphics.framework in Frameworks */,
				848066481B71531E002D0C4D /* UIKit.framework in Frameworks */,
				848066441B71531E002D0C4D /* Foundation.framework in Frameworks */,
			);
			runOnlyForDeploymentPostprocessing = 0;
		};
		8480665E1B71531E002D0C4D /* Frameworks */ = {
			isa = PBXFrameworksBuildPhase;
			buildActionMask = 2147483647;
			files = (
				848066631B71531E002D0C4D /* XCTest.framework in Frameworks */,
				848066651B71531F002D0C4D /* UIKit.framework in Frameworks */,
				848066641B71531F002D0C4D /* Foundation.framework in Frameworks */,
			);
			runOnlyForDeploymentPostprocessing = 0;
		};
/* End PBXFrameworksBuildPhase section */

/* Begin PBXGroup section */
		848066371B71531E002D0C4D = {
			isa = PBXGroup;
			children = (
				848066491B71531E002D0C4D /* FirstTaskYal */,
				848066681B71531F002D0C4D /* FirstTaskYalTests */,
				848066421B71531E002D0C4D /* Frameworks */,
				848066411B71531E002D0C4D /* Products */,
			);
			sourceTree = "<group>";
		};
		848066411B71531E002D0C4D /* Products */ = {
			isa = PBXGroup;
			children = (
				848066401B71531E002D0C4D /* FirstTaskYal.app */,
				848066611B71531E002D0C4D /* FirstTaskYalTests.xctest */,
			);
			name = Products;
			sourceTree = "<group>";
		};
		848066421B71531E002D0C4D /* Frameworks */ = {
			isa = PBXGroup;
			children = (
				848066431B71531E002D0C4D /* Foundation.framework */,
				848066451B71531E002D0C4D /* CoreGraphics.framework */,
				848066471B71531E002D0C4D /* UIKit.framework */,
				848066621B71531E002D0C4D /* XCTest.framework */,
			);
			name = Frameworks;
			sourceTree = "<group>";
		};
		848066491B71531E002D0C4D /* FirstTaskYal */ = {
			isa = PBXGroup;
			children = (
				84F23B141B83692C0064EFFC /* Resources */,
				84F23B1B1B83692C0064EFFC /* Source */,
				8480664A1B71531E002D0C4D /* Supporting Files */,
			);
			path = FirstTaskYal;
			sourceTree = "<group>";
		};
		8480664A1B71531E002D0C4D /* Supporting Files */ = {
			isa = PBXGroup;
			children = (
				8480664B1B71531E002D0C4D /* FirstTaskYal-Info.plist */,
				8480664C1B71531E002D0C4D /* InfoPlist.strings */,
				8480664F1B71531E002D0C4D /* main.m */,
				848066511B71531E002D0C4D /* FirstTaskYal-Prefix.pch */,
			);
			name = "Supporting Files";
			sourceTree = "<group>";
		};
		848066681B71531F002D0C4D /* FirstTaskYalTests */ = {
			isa = PBXGroup;
			children = (
				8480666E1B71531F002D0C4D /* FirstTaskYalTests.m */,
				848066691B71531F002D0C4D /* Supporting Files */,
			);
			path = FirstTaskYalTests;
			sourceTree = "<group>";
		};
		848066691B71531F002D0C4D /* Supporting Files */ = {
			isa = PBXGroup;
			children = (
				8480666A1B71531F002D0C4D /* FirstTaskYalTests-Info.plist */,
				8480666B1B71531F002D0C4D /* InfoPlist.strings */,
			);
			name = "Supporting Files";
			sourceTree = "<group>";
		};
		84F23B141B83692C0064EFFC /* Resources */ = {
			isa = PBXGroup;
			children = (
				84F23B2E1B836B5F0064EFFC /* Images */,
				84F23B181B83692C0064EFFC /* Main.storyboard */,
				84F23B1A1B83692C0064EFFC /* Images.xcassets */,
			);
			path = Resources;
			sourceTree = "<group>";
		};
		84F23B1B1B83692C0064EFFC /* Source */ = {
			isa = PBXGroup;
			children = (
				84F23B1C1B83692C0064EFFC /* AVAppDelegate.h */,
				84F23B1D1B83692C0064EFFC /* AVAppDelegate.m */,
				84F23B1E1B83692C0064EFFC /* Model */,
				84F23B1F1B83692C0064EFFC /* UI */,
			);
			path = Source;
			sourceTree = "<group>";
		};
		84F23B1E1B83692C0064EFFC /* Model */ = {
			isa = PBXGroup;
			children = (
				84F23B351B83705A0064EFFC /* AVBookModel.h */,
				84F23B361B83705A0064EFFC /* AVBookModel.m */,
				84F23B381B8370910064EFFC /* AVCellDataSource.h */,
				84F23B391B8370910064EFFC /* AVCellDataSource.m */,
			);
			path = Model;
			sourceTree = "<group>";
		};
		84F23B1F1B83692C0064EFFC /* UI */ = {
			isa = PBXGroup;
			children = (
				84F23B201B83692C0064EFFC /* AVTableViewController */,
			);
			path = UI;
			sourceTree = "<group>";
		};
		84F23B201B83692C0064EFFC /* AVTableViewController */ = {
			isa = PBXGroup;
			children = (
				84F23B211B83692C0064EFFC /* AVTableViewController.h */,
				84F23B221B83692C0064EFFC /* AVTableViewController.m */,
				84F23B231B83692C0064EFFC /* View */,
			);
			path = AVTableViewController;
			sourceTree = "<group>";
		};
		84F23B231B83692C0064EFFC /* View */ = {
			isa = PBXGroup;
			children = (
				84F23B241B83692C0064EFFC /* AVTableViewCell.h */,
				84F23B251B83692C0064EFFC /* AVTableViewCell.m */,
			);
			path = View;
			sourceTree = "<group>";
		};
		84F23B2E1B836B5F0064EFFC /* Images */ = {
			isa = PBXGroup;
			children = (
				84F23B2F1B836B5F0064EFFC /* 1.jpg */,
				84F23B301B836B5F0064EFFC /* 2.jpg */,
				84F23B311B836B5F0064EFFC /* 3.jpg */,
			);
			path = Images;
			sourceTree = "<group>";
		};
/* End PBXGroup section */

/* Begin PBXNativeTarget section */
		8480663F1B71531E002D0C4D /* FirstTaskYal */ = {
			isa = PBXNativeTarget;
			buildConfigurationList = 848066721B71531F002D0C4D /* Build configuration list for PBXNativeTarget "FirstTaskYal" */;
			buildPhases = (
				8480663C1B71531E002D0C4D /* Sources */,
				8480663D1B71531E002D0C4D /* Frameworks */,
				8480663E1B71531E002D0C4D /* Resources */,
			);
			buildRules = (
			);
			dependencies = (
			);
			name = FirstTaskYal;
			productName = FirstTaskYal;
			productReference = 848066401B71531E002D0C4D /* FirstTaskYal.app */;
			productType = "com.apple.product-type.application";
		};
		848066601B71531E002D0C4D /* FirstTaskYalTests */ = {
			isa = PBXNativeTarget;
			buildConfigurationList = 848066751B71531F002D0C4D /* Build configuration list for PBXNativeTarget "FirstTaskYalTests" */;
			buildPhases = (
				8480665D1B71531E002D0C4D /* Sources */,
				8480665E1B71531E002D0C4D /* Frameworks */,
				8480665F1B71531E002D0C4D /* Resources */,
			);
			buildRules = (
			);
			dependencies = (
				848066671B71531F002D0C4D /* PBXTargetDependency */,
			);
			name = FirstTaskYalTests;
			productName = FirstTaskYalTests;
			productReference = 848066611B71531E002D0C4D /* FirstTaskYalTests.xctest */;
			productType = "com.apple.product-type.bundle.unit-test";
		};
/* End PBXNativeTarget section */

/* Begin PBXProject section */
		848066381B71531E002D0C4D /* Project object */ = {
			isa = PBXProject;
			attributes = {
				CLASSPREFIX = AV;
				LastUpgradeCheck = 0510;
				ORGANIZATIONNAME = "bla Ltd";
				TargetAttributes = {
					848066601B71531E002D0C4D = {
						TestTargetID = 8480663F1B71531E002D0C4D;
					};
				};
			};
			buildConfigurationList = 8480663B1B71531E002D0C4D /* Build configuration list for PBXProject "FirstTaskYal" */;
			compatibilityVersion = "Xcode 3.2";
			developmentRegion = English;
			hasScannedForEncodings = 0;
			knownRegions = (
				en,
				Base,
			);
			mainGroup = 848066371B71531E002D0C4D;
			productRefGroup = 848066411B71531E002D0C4D /* Products */;
			projectDirPath = "";
			projectRoot = "";
			targets = (
				8480663F1B71531E002D0C4D /* FirstTaskYal */,
				848066601B71531E002D0C4D /* FirstTaskYalTests */,
			);
		};
/* End PBXProject section */

/* Begin PBXResourcesBuildPhase section */
		8480663E1B71531E002D0C4D /* Resources */ = {
			isa = PBXResourcesBuildPhase;
			buildActionMask = 2147483647;
			files = (
				84F23B291B83692C0064EFFC /* Main.storyboard in Resources */,
				84F23B321B836B5F0064EFFC /* 1.jpg in Resources */,
				84F23B331B836B5F0064EFFC /* 2.jpg in Resources */,
				84F23B341B836B5F0064EFFC /* 3.jpg in Resources */,
				8480664E1B71531E002D0C4D /* InfoPlist.strings in Resources */,
				84F23B2A1B83692C0064EFFC /* Images.xcassets in Resources */,
			);
			runOnlyForDeploymentPostprocessing = 0;
		};
		8480665F1B71531E002D0C4D /* Resources */ = {
			isa = PBXResourcesBuildPhase;
			buildActionMask = 2147483647;
			files = (
				8480666D1B71531F002D0C4D /* InfoPlist.strings in Resources */,
			);
			runOnlyForDeploymentPostprocessing = 0;
		};
/* End PBXResourcesBuildPhase section */

/* Begin PBXSourcesBuildPhase section */
		8480663C1B71531E002D0C4D /* Sources */ = {
			isa = PBXSourcesBuildPhase;
			buildActionMask = 2147483647;
			files = (
				84F23B371B83705A0064EFFC /* AVBookModel.m in Sources */,
				84F23B3A1B8370910064EFFC /* AVCellDataSource.m in Sources */,
				848066501B71531E002D0C4D /* main.m in Sources */,
				84F23B2B1B83692C0064EFFC /* AVAppDelegate.m in Sources */,
				84F23B2D1B83692C0064EFFC /* AVTableViewCell.m in Sources */,
				84F23B2C1B83692C0064EFFC /* AVTableViewController.m in Sources */,
			);
			runOnlyForDeploymentPostprocessing = 0;
		};
		8480665D1B71531E002D0C4D /* Sources */ = {
			isa = PBXSourcesBuildPhase;
			buildActionMask = 2147483647;
			files = (
				8480666F1B71531F002D0C4D /* FirstTaskYalTests.m in Sources */,
			);
			runOnlyForDeploymentPostprocessing = 0;
		};
/* End PBXSourcesBuildPhase section */

/* Begin PBXTargetDependency section */
		848066671B71531F002D0C4D /* PBXTargetDependency */ = {
			isa = PBXTargetDependency;
			target = 8480663F1B71531E002D0C4D /* FirstTaskYal */;
			targetProxy = 848066661B71531F002D0C4D /* PBXContainerItemProxy */;
		};
/* End PBXTargetDependency section */

/* Begin PBXVariantGroup section */
		8480664C1B71531E002D0C4D /* InfoPlist.strings */ = {
			isa = PBXVariantGroup;
			children = (
				8480664D1B71531E002D0C4D /* en */,
			);
			name = InfoPlist.strings;
			sourceTree = "<group>";
		};
		8480666B1B71531F002D0C4D /* InfoPlist.strings */ = {
			isa = PBXVariantGroup;
			children = (
				8480666C1B71531F002D0C4D /* en */,
			);
			name = InfoPlist.strings;
			sourceTree = "<group>";
		};
		84F23B181B83692C0064EFFC /* Main.storyboard */ = {
			isa = PBXVariantGroup;
			children = (
				84F23B191B83692C0064EFFC /* Base */,
			);
			name = Main.storyboard;
			sourceTree = "<group>";
		};
/* End PBXVariantGroup section */

/* Begin XCBuildConfiguration section */
		848066701B71531F002D0C4D /* Debug */ = {
			isa = XCBuildConfiguration;
			buildSettings = {
				ALWAYS_SEARCH_USER_PATHS = NO;
				CLANG_CXX_LANGUAGE_STANDARD = "gnu++0x";
				CLANG_CXX_LIBRARY = "libc++";
				CLANG_ENABLE_MODULES = YES;
				CLANG_ENABLE_OBJC_ARC = YES;
				CLANG_WARN_BOOL_CONVERSION = YES;
				CLANG_WARN_CONSTANT_CONVERSION = YES;
				CLANG_WARN_DIRECT_OBJC_ISA_USAGE = YES_ERROR;
				CLANG_WARN_EMPTY_BODY = YES;
				CLANG_WARN_ENUM_CONVERSION = YES;
				CLANG_WARN_INT_CONVERSION = YES;
				CLANG_WARN_OBJC_ROOT_CLASS = YES_ERROR;
				CLANG_WARN__DUPLICATE_METHOD_MATCH = YES;
				"CODE_SIGN_IDENTITY[sdk=iphoneos*]" = "iPhone Developer";
				COPY_PHASE_STRIP = NO;
				GCC_C_LANGUAGE_STANDARD = gnu99;
				GCC_DYNAMIC_NO_PIC = NO;
				GCC_OPTIMIZATION_LEVEL = 0;
				GCC_PREPROCESSOR_DEFINITIONS = (
					"DEBUG=1",
					"$(inherited)",
				);
				GCC_SYMBOLS_PRIVATE_EXTERN = NO;
				GCC_WARN_64_TO_32_BIT_CONVERSION = YES;
				GCC_WARN_ABOUT_RETURN_TYPE = YES_ERROR;
				GCC_WARN_UNDECLARED_SELECTOR = YES;
				GCC_WARN_UNINITIALIZED_AUTOS = YES_AGGRESSIVE;
				GCC_WARN_UNUSED_FUNCTION = YES;
				GCC_WARN_UNUSED_VARIABLE = YES;
				IPHONEOS_DEPLOYMENT_TARGET = 7.1;
				ONLY_ACTIVE_ARCH = YES;
				SDKROOT = iphoneos;
			};
			name = Debug;
		};
		848066711B71531F002D0C4D /* Release */ = {
			isa = XCBuildConfiguration;
			buildSettings = {
				ALWAYS_SEARCH_USER_PATHS = NO;
				CLANG_CXX_LANGUAGE_STANDARD = "gnu++0x";
				CLANG_CXX_LIBRARY = "libc++";
				CLANG_ENABLE_MODULES = YES;
				CLANG_ENABLE_OBJC_ARC = YES;
				CLANG_WARN_BOOL_CONVERSION = YES;
				CLANG_WARN_CONSTANT_CONVERSION = YES;
				CLANG_WARN_DIRECT_OBJC_ISA_USAGE = YES_ERROR;
				CLANG_WARN_EMPTY_BODY = YES;
				CLANG_WARN_ENUM_CONVERSION = YES;
				CLANG_WARN_INT_CONVERSION = YES;
				CLANG_WARN_OBJC_ROOT_CLASS = YES_ERROR;
				CLANG_WARN__DUPLICATE_METHOD_MATCH = YES;
				"CODE_SIGN_IDENTITY[sdk=iphoneos*]" = "iPhone Developer";
				COPY_PHASE_STRIP = YES;
				ENABLE_NS_ASSERTIONS = NO;
				GCC_C_LANGUAGE_STANDARD = gnu99;
				GCC_WARN_64_TO_32_BIT_CONVERSION = YES;
				GCC_WARN_ABOUT_RETURN_TYPE = YES_ERROR;
				GCC_WARN_UNDECLARED_SELECTOR = YES;
				GCC_WARN_UNINITIALIZED_AUTOS = YES_AGGRESSIVE;
				GCC_WARN_UNUSED_FUNCTION = YES;
				GCC_WARN_UNUSED_VARIABLE = YES;
				IPHONEOS_DEPLOYMENT_TARGET = 7.1;
				SDKROOT = iphoneos;
				VALIDATE_PRODUCT = YES;
			};
			name = Release;
		};
		848066731B71531F002D0C4D /* Debug */ = {
			isa = XCBuildConfiguration;
			buildSettings = {
				ASSETCATALOG_COMPILER_APPICON_NAME = AppIcon;
				ASSETCATALOG_COMPILER_LAUNCHIMAGE_NAME = LaunchImage;
				GCC_PRECOMPILE_PREFIX_HEADER = YES;
				GCC_PREFIX_HEADER = "FirstTaskYal/FirstTaskYal-Prefix.pch";
				INFOPLIST_FILE = "FirstTaskYal/FirstTaskYal-Info.plist";
				PRODUCT_NAME = "$(TARGET_NAME)";
				WRAPPER_EXTENSION = app;
			};
			name = Debug;
		};
		848066741B71531F002D0C4D /* Release */ = {
			isa = XCBuildConfiguration;
			buildSettings = {
				ASSETCATALOG_COMPILER_APPICON_NAME = AppIcon;
				ASSETCATALOG_COMPILER_LAUNCHIMAGE_NAME = LaunchImage;
				GCC_PRECOMPILE_PREFIX_HEADER = YES;
				GCC_PREFIX_HEADER = "FirstTaskYal/FirstTaskYal-Prefix.pch";
				INFOPLIST_FILE = "FirstTaskYal/FirstTaskYal-Info.plist";
				PRODUCT_NAME = "$(TARGET_NAME)";
				WRAPPER_EXTENSION = app;
			};
			name = Release;
		};
		848066761B71531F002D0C4D /* Debug */ = {
			isa = XCBuildConfiguration;
			buildSettings = {
				BUNDLE_LOADER = "$(BUILT_PRODUCTS_DIR)/FirstTaskYal.app/FirstTaskYal";
				FRAMEWORK_SEARCH_PATHS = (
					"$(SDKROOT)/Developer/Library/Frameworks",
					"$(inherited)",
					"$(DEVELOPER_FRAMEWORKS_DIR)",
				);
				GCC_PRECOMPILE_PREFIX_HEADER = YES;
				GCC_PREFIX_HEADER = "FirstTaskYal/FirstTaskYal-Prefix.pch";
				GCC_PREPROCESSOR_DEFINITIONS = (
					"DEBUG=1",
					"$(inherited)",
				);
				INFOPLIST_FILE = "FirstTaskYalTests/FirstTaskYalTests-Info.plist";
				PRODUCT_NAME = "$(TARGET_NAME)";
				TEST_HOST = "$(BUNDLE_LOADER)";
				WRAPPER_EXTENSION = xctest;
			};
			name = Debug;
		};
		848066771B71531F002D0C4D /* Release */ = {
			isa = XCBuildConfiguration;
			buildSettings = {
				BUNDLE_LOADER = "$(BUILT_PRODUCTS_DIR)/FirstTaskYal.app/FirstTaskYal";
				FRAMEWORK_SEARCH_PATHS = (
					"$(SDKROOT)/Developer/Library/Frameworks",
					"$(inherited)",
					"$(DEVELOPER_FRAMEWORKS_DIR)",
				);
				GCC_PRECOMPILE_PREFIX_HEADER = YES;
				GCC_PREFIX_HEADER = "FirstTaskYal/FirstTaskYal-Prefix.pch";
				INFOPLIST_FILE = "FirstTaskYalTests/FirstTaskYalTests-Info.plist";
				PRODUCT_NAME = "$(TARGET_NAME)";
				TEST_HOST = "$(BUNDLE_LOADER)";
				WRAPPER_EXTENSION = xctest;
			};
			name = Release;
		};
/* End XCBuildConfiguration section */

/* Begin XCConfigurationList section */
		8480663B1B71531E002D0C4D /* Build configuration list for PBXProject "FirstTaskYal" */ = {
			isa = XCConfigurationList;
			buildConfigurations = (
				848066701B71531F002D0C4D /* Debug */,
				848066711B71531F002D0C4D /* Release */,
			);
			defaultConfigurationIsVisible = 0;
			defaultConfigurationName = Release;
		};
		848066721B71531F002D0C4D /* Build configuration list for PBXNativeTarget "FirstTaskYal" */ = {
			isa = XCConfigurationList;
			buildConfigurations = (
				848066731B71531F002D0C4D /* Debug */,
				848066741B71531F002D0C4D /* Release */,
			);
			defaultConfigurationIsVisible = 0;
			defaultConfigurationName = Release;
		};
		848066751B71531F002D0C4D /* Build configuration list for PBXNativeTarget "FirstTaskYalTests" */ = {
			isa = XCConfigurationList;
			buildConfigurations = (
				848066761B71531F002D0C4D /* Debug */,
				848066771B71531F002D0C4D /* Release */,
			);
			defaultConfigurationIsVisible = 0;
			defaultConfigurationName = Release;
		};
/* End XCConfigurationList section */
	};
	rootObject = 848066381B71531E002D0C4D /* Project object */;
}
